
Microsoft Visual Studio Solution File, Format Version 12.00
# Visual Studio Version 16
VisualStudioVersion = 16.0.30611.23
MinimumVisualStudioVersion = 10.0.40219.1
Project("{FAE04EC0-301F-11D3-BF4B-00C04F79EFBC}") = "Lab01", "Lab01\Lab01.csproj", "{7A67B733-B588-45F8-BE88-6AA1AE154DA9}"
EndProject
Global
	GlobalSection(SolutionConfigurationPlatforms) = preSolution
		Debug|Any CPU = Debug|Any CPU
		Release|Any CPU = Release|Any CPU
	EndGlobalSection
	GlobalSection(ProjectConfigurationPlatforms) = postSolution
		{7A67B733-B588-45F8-BE88-6AA1AE154DA9}.Debug|Any CPU.ActiveCfg = Debug|Any CPU
		{7A67B733-B588-45F8-BE88-6AA1AE154DA9}.Debug|Any CPU.Build.0 = Debug|Any CPU
		{7A67B733-B588-45F8-BE88-6AA1AE154DA9}.Release|Any CPU.ActiveCfg = Release|Any CPU
		{7A67B733-B588-45F8-BE88-6AA1AE154DA9}.Release|Any CPU.Build.0 = Release|Any CPU
	EndGlobalSection
	GlobalSection(SolutionProperties) = preSolution
		HideSolutionNode = FALSE
	EndGlobalSection
	GlobalSection(ExtensibilityGlobals) = postSolution
		SolutionGuid = {5382B589-6AD7-4928-89D4-3EC975D57A77}
	EndGlobalSection
EndGlobal
