
Microsoft Visual Studio Solution File, Format Version 12.00
# Visual Studio Version 16
VisualStudioVersion = 16.0.30611.23
MinimumVisualStudioVersion = 10.0.40219.1
Project("{FAE04EC0-301F-11D3-BF4B-00C04F79EFBC}") = "Lab4", "Lab4\Lab4.csproj", "{A16909F4-1437-4FA3-A203-80FAB6C42609}"
EndProject
Global
	GlobalSection(SolutionConfigurationPlatforms) = preSolution
		Debug|Any CPU = Debug|Any CPU
		Release|Any CPU = Release|Any CPU
	EndGlobalSection
	GlobalSection(ProjectConfigurationPlatforms) = postSolution
		{A16909F4-1437-4FA3-A203-80FAB6C42609}.Debug|Any CPU.ActiveCfg = Debug|Any CPU
		{A16909F4-1437-4FA3-A203-80FAB6C42609}.Debug|Any CPU.Build.0 = Debug|Any CPU
		{A16909F4-1437-4FA3-A203-80FAB6C42609}.Release|Any CPU.ActiveCfg = Release|Any CPU
		{A16909F4-1437-4FA3-A203-80FAB6C42609}.Release|Any CPU.Build.0 = Release|Any CPU
	EndGlobalSection
	GlobalSection(SolutionProperties) = preSolution
		HideSolutionNode = FALSE
	EndGlobalSection
	GlobalSection(ExtensibilityGlobals) = postSolution
		SolutionGuid = {334CA9B1-584A-4A36-9194-36F97F1D2B5F}
	EndGlobalSection
EndGlobal
